
Microsoft Visual Studio Solution File, Format Version 12.00
# Visual Studio Version 17
VisualStudioVersion = 17.14.36202.13
MinimumVisualStudioVersion = 10.0.40219.1
Project("{FAE04EC0-301F-11D3-BF4B-00C04F79EFBC}") = "BD.Repositories", "BD.Repositories\BD.Repositories.csproj", "{B695C0D9-A870-465B-BBE5-2AD37DB04EFF}"
EndProject
Project("{FAE04EC0-301F-11D3-BF4B-00C04F79EFBC}") = "BD.Services", "BD.Services\BD.Services.csproj", "{5ADAC4CB-07DD-4916-B308-D484E5E43D08}"
EndProject
Project("{FAE04EC0-301F-11D3-BF4B-00C04F79EFBC}") = "BD.RazorPages", "BD.RazorPages\BD.RazorPages.csproj", "{68A790AB-D30B-4F23-A275-9FA2E83849F4}"
EndProject
Global
	GlobalSection(SolutionConfigurationPlatforms) = preSolution
		Debug|Any CPU = Debug|Any CPU
		Release|Any CPU = Release|Any CPU
	EndGlobalSection
	GlobalSection(ProjectConfigurationPlatforms) = postSolution
		{B695C0D9-A870-465B-BBE5-2AD37DB04EFF}.Debug|Any CPU.ActiveCfg = Debug|Any CPU
		{B695C0D9-A870-465B-BBE5-2AD37DB04EFF}.Debug|Any CPU.Build.0 = Debug|Any CPU
		{B695C0D9-A870-465B-BBE5-2AD37DB04EFF}.Release|Any CPU.ActiveCfg = Release|Any CPU
		{B695C0D9-A870-465B-BBE5-2AD37DB04EFF}.Release|Any CPU.Build.0 = Release|Any CPU
		{5ADAC4CB-07DD-4916-B308-D484E5E43D08}.Debug|Any CPU.ActiveCfg = Debug|Any CPU
		{5ADAC4CB-07DD-4916-B308-D484E5E43D08}.Debug|Any CPU.Build.0 = Debug|Any CPU
		{5ADAC4CB-07DD-4916-B308-D484E5E43D08}.Release|Any CPU.ActiveCfg = Release|Any CPU
		{5ADAC4CB-07DD-4916-B308-D484E5E43D08}.Release|Any CPU.Build.0 = Release|Any CPU
		{FC145272-1531-430C-A4ED-DEF963BEF9FF}.Debug|Any CPU.ActiveCfg = Debug|Any CPU
		{FC145272-1531-430C-A4ED-DEF963BEF9FF}.Debug|Any CPU.Build.0 = Debug|Any CPU
		{FC145272-1531-430C-A4ED-DEF963BEF9FF}.Release|Any CPU.ActiveCfg = Release|Any CPU
		{FC145272-1531-430C-A4ED-DEF963BEF9FF}.Release|Any CPU.Build.0 = Release|Any CPU
		{68A790AB-D30B-4F23-A275-9FA2E83849F4}.Debug|Any CPU.ActiveCfg = Debug|Any CPU
		{68A790AB-D30B-4F23-A275-9FA2E83849F4}.Debug|Any CPU.Build.0 = Debug|Any CPU
		{68A790AB-D30B-4F23-A275-9FA2E83849F4}.Release|Any CPU.ActiveCfg = Release|Any CPU
		{68A790AB-D30B-4F23-A275-9FA2E83849F4}.Release|Any CPU.Build.0 = Release|Any CPU
	EndGlobalSection
	GlobalSection(SolutionProperties) = preSolution
		HideSolutionNode = FALSE
	EndGlobalSection
	GlobalSection(ExtensibilityGlobals) = postSolution
		SolutionGuid = {BF0F1EF6-838E-497C-9B03-6DAE3F963115}
	EndGlobalSection
EndGlobal
